#MicroXplorer Configuration settings - do not modify
Mcu.Family=STM32F1
ProjectManager.MainLocation=Core/Src
RCC.MCOFreq_Value=112000000
PB13.GPIOParameters=GPIO_Label
TIM2.Channel-Output\ Compare1\ No\ Output=TIM_CHANNEL_1
ProjectManager.KeepUserCode=true
Mcu.UserName=STM32F103C8Tx
PB10.Mode=I2C
ADC1.ContinuousConvMode=ENABLE
ADC2.Channel-0\#ChannelRegularConversion=ADC_CHANNEL_5
RCC.PLLCLKFreq_Value=112000000
PC13-TAMPER-RTC.GPIOParameters=GPIO_Speed,GPIO_Label
PB14.GPIO_Label=D2
PB2.GPIO_Speed=GPIO_SPEED_FREQ_HIGH
ProjectManager.functionlistsort=1-MX_GPIO_Init-GPIO-false-HAL-true,2-SystemClock_Config-RCC-false-HAL-true,3-MX_ADC1_Init-ADC1-false-HAL-true,4-MX_ADC2_Init-ADC2-false-HAL-true,5-MX_USART1_UART_Init-USART1-false-HAL-true,6-MX_I2C2_Init-I2C2-false-HAL-true,7-MX_TIM2_Init-TIM2-false-HAL-true,8-MX_TIM3_Init-TIM3-false-HAL-true,9-MX_TIM4_Init-TIM4-false-HAL-true
PA3.GPIOParameters=GPIO_Label
RCC.ADCFreqValue=14000000
VP_TIM3_VS_no_output2.Mode=PWM Generation2 No Output
PA6.GPIO_Label=LCD_nRD
PB0.GPIO_Label=DB0
PB6.GPIO_Label=DB6
USART1.IPParameters=VirtualMode
PB13.GPIO_Label=D1
PB11.Signal=I2C2_SDA
PB13.Signal=GPIO_Input
PB15.Signal=GPIO_Input
PA2.GPIOParameters=GPIO_Label
PC15-OSC32_OUT.GPIO_Label=LCD_nWR
PinOutPanel.RotationAngle=0
PB3.GPIO_Speed=GPIO_SPEED_FREQ_HIGH
TIM4.TIM_MasterOutputTrigger=TIM_TRGO_RESET
RCC.SYSCLKSource=RCC_SYSCLKSOURCE_PLLCLK
ProjectManager.StackSize=0x400
PB5.GPIOParameters=GPIO_Speed,GPIO_Label
PD1-OSC_OUT.Locked=true
PD1-OSC_OUT.Signal=RCC_OSC_OUT
Mcu.IP4=RCC
RCC.FCLKCortexFreq_Value=112000000
Mcu.IP5=SYS
Mcu.IP2=I2C2
NVIC.SVCall_IRQn=true\:0\:0\:false\:false\:true\:false\:false
Mcu.IP3=NVIC
PA15.GPIO_Label=LED
PB4.GPIOParameters=GPIO_Speed,GPIO_Label
Mcu.IP0=ADC1
Mcu.IP1=ADC2
Mcu.UserConstants=
VP_TIM3_VS_no_output2.Signal=TIM3_VS_no_output2
Mcu.ThirdPartyNb=0
RCC.HCLKFreq_Value=112000000
Mcu.IPNb=10
TIM2.IPParameters=TIM_MasterSlaveMode,Channel-Output Compare1 No Output,OCMode_1
ProjectManager.PreviousToolchain=TrueSTUDIO
RCC.APB2TimFreq_Value=112000000
PB6.Signal=GPIO_Output
PA8.GPIOParameters=GPIO_Label
Mcu.Pin6=PA1
Mcu.Pin7=PA2
VP_TIM2_VS_ClockSourceINT.Signal=TIM2_VS_ClockSourceINT
Mcu.Pin8=PA3
Mcu.Pin9=PA4
RCC.AHBFreq_Value=112000000
PB13.Locked=true
Mcu.Pin0=PC13-TAMPER-RTC
Mcu.Pin1=PC14-OSC32_IN
GPIO.groupedBy=Group By Peripherals
Mcu.Pin2=PC15-OSC32_OUT
Mcu.Pin3=PD0-OSC_IN
PA0-WKUP.GPIOParameters=GPIO_Label
Mcu.Pin4=PD1-OSC_OUT
Mcu.Pin5=PA0-WKUP
ADC1.Channel-0\#ChannelRegularConversion=ADC_CHANNEL_0
ProjectManager.ProjectBuild=false
TIM4.Channel-PWM\ Generation3\ CH3=TIM_CHANNEL_3
NVIC.UsageFault_IRQn=true\:0\:0\:false\:false\:true\:false\:false
VP_TIM2_VS_no_output1.Mode=Output Compare1 No Output
NVIC.DebugMonitor_IRQn=true\:0\:0\:false\:false\:true\:false\:false
PB2.Signal=GPIO_Output
PA8.Locked=true
PA4.Locked=true
NVIC.SysTick_IRQn=true\:0\:0\:false\:false\:true\:false\:true
RCC.PLLMUL=RCC_PLL_MUL14
PB12.GPIO_Label=AMPSEL
ProjectManager.FirmwarePackage=STM32Cube FW_F1 V1.8.3
MxDb.Version=DB.6.0.10
PB0.GPIOParameters=GPIO_Speed,GPIO_Label
PA1.GPIOParameters=GPIO_Label
ProjectManager.BackupPrevious=false
PB1.GPIO_Speed=GPIO_SPEED_FREQ_HIGH
PA14.Mode=Serial_Wire
PB1.GPIO_Label=DB1
File.Version=6
PB3.GPIOParameters=GPIO_Speed,GPIO_Label
PB7.Signal=GPIO_Output
PA8.Signal=GPXTI8
PB8.Locked=true
SH.ADCx_IN0.0=ADC1_IN0,IN0
PB6.Locked=true
NVIC.PendSV_IRQn=true\:0\:0\:false\:false\:true\:false\:false
PC13-TAMPER-RTC.GPIO_Speed=GPIO_SPEED_FREQ_HIGH
PB6.GPIOParameters=GPIO_Speed,GPIO_Label
ProjectManager.HalAssertFull=false
PB0.Locked=true
ADC1.SamplingTime-0\#ChannelRegularConversion=ADC_SAMPLETIME_1CYCLE_5
PC14-OSC32_IN.GPIOParameters=GPIO_Speed,GPIO_Label
ProjectManager.ProjectName=dso_150
PC14-OSC32_IN.GPIO_Speed=GPIO_SPEED_FREQ_HIGH
RCC.PLLMCOFreq_Value=56000000
PB7.GPIO_Label=DB7
Mcu.Package=LQFP48
PB9.Signal=GPIO_Output
PB1.Signal=GPIO_Output
PA6.Signal=GPIO_Output
PA7.Locked=true
PA5.Locked=true
TIM2.OCMode_1=TIM_OCMODE_ACTIVE
SH.GPXTI8.0=GPIO_EXTI8
PA14.Locked=true
ProjectManager.ToolChainLocation=
PA2.GPIO_Label=SENSEL1
VP_SYS_VS_Systick.Signal=SYS_VS_Systick
SH.GPXTI8.ConfNb=1
PA10.Signal=USART1_RX
PA15.Signal=GPIO_Output
ADC2.SamplingTime-0\#ChannelRegularConversion=ADC_SAMPLETIME_1CYCLE_5
PA5.GPIOParameters=GPIO_Label
PB14.GPIOParameters=GPIO_Label
PB5.GPIO_Speed=GPIO_SPEED_FREQ_HIGH
RCC.APB2CLKDivider=RCC_HCLK_DIV2
PB9.GPIO_Speed=GPIO_SPEED_FREQ_HIGH
PB5.GPIO_Label=DB5
RCC.APB1TimFreq_Value=56000000
NVIC.BusFault_IRQn=true\:0\:0\:false\:false\:true\:false\:false
PC14-OSC32_IN.GPIO_Label=LCD_RS
PC15-OSC32_OUT.GPIO_Speed=GPIO_SPEED_FREQ_HIGH
PC15-OSC32_OUT.GPIOParameters=GPIO_Speed,GPIO_Label
PA6.GPIO_Speed=GPIO_SPEED_FREQ_HIGH
ADC2.Rank-0\#ChannelRegularConversion=1
PA4.GPIO_Label=SENSEL3
ProjectManager.CustomerFirmwarePackage=
VP_TIM3_VS_ClockSourceINT.Mode=Internal
PC14-OSC32_IN.Locked=true
PB15.Locked=true
PB3.Locked=true
PB4.Signal=GPIO_Output
PA3.Signal=GPIO_Output
PB7.GPIO_Speed=GPIO_SPEED_FREQ_HIGH
PA2.Locked=true
PB3.GPIO_Label=DB3
PA6.GPIOParameters=GPIO_Speed,GPIO_Label
RCC.PLLSourceVirtual=RCC_PLLSOURCE_HSE
ProjectManager.ProjectFileName=dso_150.ioc
PB8.GPIOParameters=GPIO_Label
ADC1.Rank-0\#ChannelRegularConversion=1
PD1-OSC_OUT.Mode=HSE-External-Oscillator
PB9.GPIO_Label=LCD_nRESET
PA10.Mode=Asynchronous
PA15.GPIOParameters=GPIO_Label
Mcu.PinsNb=41
ProjectManager.NoMain=false
ADC1.IPParameters=Rank-0\#ChannelRegularConversion,Channel-0\#ChannelRegularConversion,SamplingTime-0\#ChannelRegularConversion,NbrOfConversionFlag,master,NbrOfConversion,EnableAnalogWatchDog,ContinuousConvMode
PC13-TAMPER-RTC.Signal=GPIO_Output
ProjectManager.DefaultFWLocation=true
PD0-OSC_IN.Signal=RCC_OSC_IN
TIM4.TIM_MasterSlaveMode=TIM_MASTERSLAVEMODE_DISABLE
PB12.Locked=true
ProjectManager.DeletePrevious=true
PB14.Locked=true
RCC.APB1CLKDivider=RCC_HCLK_DIV4
PC14-OSC32_IN.Signal=GPIO_Output
RCC.FamilyName=M
PA0-WKUP.GPIO_Label=ADCIN
PA0-WKUP.Signal=ADCx_IN0
PA0-WKUP.Locked=true
PB9.GPIOParameters=GPIO_Speed,GPIO_Label
PB0.GPIO_Speed=GPIO_SPEED_FREQ_HIGH
RCC.ADCPresc=RCC_ADCPCLK2_DIV4
PA13.Signal=SYS_JTMS-SWDIO
PB8.GPIO_Label=TL_PWM
PA9.Mode=Asynchronous
PA15.Locked=true
PA8.GPIO_Label=TRIG
PC15-OSC32_OUT.Locked=true
PB11.Mode=I2C
ADC2.ContinuousConvMode=ENABLE
VP_TIM4_VS_ClockSourceINT.Signal=TIM4_VS_ClockSourceINT
ProjectManager.TargetToolchain=Makefile
TIM4.IPParameters=TIM_MasterOutputTrigger,TIM_MasterSlaveMode,Channel-PWM Generation3 CH3
PB7.GPIOParameters=GPIO_Speed,GPIO_Label
SH.S_TIM4_CH3.0=TIM4_CH3,PWM Generation3 CH3
ADC2.IPParameters=Rank-0\#ChannelRegularConversion,Channel-0\#ChannelRegularConversion,SamplingTime-0\#ChannelRegularConversion,NbrOfConversionFlag,ContinuousConvMode
PB2.GPIOParameters=GPIO_Speed,GPIO_Label
PA9.Signal=USART1_TX
PB5.Locked=true
PB9.Locked=true
ProjectManager.RegisterCallBack=
PC13-TAMPER-RTC.Locked=true
RCC.USBFreq_Value=112000000
VP_TIM3_VS_ClockSourceINT.Signal=TIM3_VS_ClockSourceINT
PC15-OSC32_OUT.Signal=GPIO_Output
PA1.Signal=GPIO_Output
PB1.Locked=true
VP_TIM2_VS_no_output1.Signal=TIM2_VS_no_output1
PD0-OSC_IN.Mode=HSE-External-Oscillator
PB10.Signal=I2C2_SCL
SH.S_TIM4_CH3.ConfNb=1
PB14.Signal=GPIO_Input
PA5.Signal=ADCx_IN5
Mcu.Pin40=VP_TIM4_VS_ClockSourceINT
board=dso_150
ProjectManager.LastFirmware=true
PC13-TAMPER-RTC.GPIO_Label=LCD_nCS
ADC1.EnableAnalogWatchDog=false
RCC.VCOOutput2Freq_Value=8000000
PB4.GPIO_Speed=GPIO_SPEED_FREQ_HIGH
RCC.APB2Freq_Value=56000000
MxCube.Version=6.1.1
PB4.GPIO_Label=DB4
Mcu.Pin37=VP_TIM2_VS_no_output1
Mcu.Pin38=VP_TIM3_VS_ClockSourceINT
PB15.GPIO_Label=D3
Mcu.Pin35=VP_SYS_VS_Systick
VP_TIM2_VS_ClockSourceINT.Mode=Internal
Mcu.Pin36=VP_TIM2_VS_ClockSourceINT
SH.ADCx_IN0.ConfNb=1
TIM3.Channel-PWM\ Generation2\ No\ Output=TIM_CHANNEL_2
Mcu.Pin39=VP_TIM3_VS_no_output2
Mcu.Pin30=PB5
PA1.GPIO_Label=SENSEL0
VP_SYS_VS_Systick.Mode=SysTick
Mcu.Pin33=PB8
TIM3.IPParameters=Channel-PWM Generation2 No Output
Mcu.Pin34=PB9
Mcu.Pin31=PB6
Mcu.Pin32=PB7
NVIC.NonMaskableInt_IRQn=true\:0\:0\:false\:false\:true\:false\:false
PA4.GPIOParameters=GPIO_Label
PB15.GPIOParameters=GPIO_Label
ADC1.NbrOfConversion=1
PA13.Mode=Serial_Wire
ProjectManager.FreePins=true
RCC.IPParameters=ADCFreqValue,ADCPresc,AHBFreq_Value,APB1CLKDivider,APB1Freq_Value,APB1TimFreq_Value,APB2CLKDivider,APB2Freq_Value,APB2TimFreq_Value,FCLKCortexFreq_Value,FamilyName,HCLKFreq_Value,MCOFreq_Value,PLLCLKFreq_Value,PLLMCOFreq_Value,PLLMUL,PLLSourceVirtual,SYSCLKFreq_VALUE,SYSCLKSource,TimSysFreq_Value,USBFreq_Value,VCOOutput2Freq_Value
ProjectManager.AskForMigrate=true
Mcu.Name=STM32F103C(8-B)Tx
Mcu.Pin26=PA14
Mcu.Pin27=PA15
PA2.Signal=GPIO_Output
Mcu.Pin24=PA10
ProjectManager.UnderRoot=false
Mcu.Pin25=PA13
PB2.Locked=true
Mcu.IP8=TIM4
Mcu.IP9=USART1
Mcu.Pin28=PB3
Mcu.IP6=TIM2
Mcu.Pin29=PB4
Mcu.IP7=TIM3
ProjectManager.CoupleFile=true
PB4.Locked=true
PB3.Signal=GPIO_Output
PA4.Signal=GPIO_Output
RCC.SYSCLKFreq_VALUE=112000000
PB5.Signal=GPIO_Output
Mcu.Pin22=PA8
Mcu.Pin23=PA9
RCC.TimSysFreq_Value=112000000
PA1.Locked=true
PA7.GPIO_Label=TESTSIG
Mcu.Pin20=PB14
ADC1.master=1
PA3.Locked=true
Mcu.Pin21=PB15
PA5.GPIO_Label=CPLSEL
ADC2.NbrOfConversionFlag=1
NVIC.ForceEnableDMAVector=true
KeepUserPlacement=false
NVIC.MemoryManagement_IRQn=true\:0\:0\:false\:false\:true\:false\:false
PA13.Locked=true
USART1.VirtualMode=VM_ASYNC
ProjectManager.CompilerOptimize=2
PA14.Signal=SYS_JTCK-SWCLK
PB2.GPIO_Label=DB2
ProjectManager.HeapSize=0x200
Mcu.Pin15=PB2
NVIC.HardFault_IRQn=true\:0\:0\:false\:false\:true\:false\:false
Mcu.Pin16=PB10
Mcu.Pin13=PB0
Mcu.Pin14=PB1
Mcu.Pin19=PB13
ProjectManager.ComputerToolchain=false
Mcu.Pin17=PB11
Mcu.Pin18=PB12
SH.ADCx_IN5.0=ADC2_IN5,IN5
VP_TIM4_VS_ClockSourceINT.Mode=Internal
NVIC.PriorityGroup=NVIC_PRIORITYGROUP_4
ADC1.NbrOfConversionFlag=1
Mcu.Pin11=PA6
Mcu.Pin12=PA7
Mcu.Pin10=PA5
TIM2.TIM_MasterSlaveMode=TIM_MASTERSLAVEMODE_DISABLE
PB7.Locked=true
PB8.Signal=S_TIM4_CH3
SH.ADCx_IN5.ConfNb=1
PB6.GPIO_Speed=GPIO_SPEED_FREQ_HIGH
RCC.APB1Freq_Value=28000000
PB0.Signal=GPIO_Output
PD0-OSC_IN.Locked=true
PA7.GPIOParameters=GPIO_Label
ProjectManager.DeviceId=STM32F103C8Tx
PB12.GPIOParameters=GPIO_Label
PB12.Signal=GPIO_Input
ProjectManager.LibraryCopy=1
PA3.GPIO_Label=SENSEL2
PB1.GPIOParameters=GPIO_Speed,GPIO_Label
PA7.Signal=GPIO_Output
PA6.Locked=true
