#MicroXplorer Configuration settings - do not modify
Mcu.Family=STM32F4
ProjectManager.MainLocation=Src
PA2.GPIO_PuPd=GPIO_NOPULL
RCC.MCOFreq_Value=64000000
PC7.GPIOParameters=GPIO_Label
RCC.CortexFreq_Value=90000000
ProjectManager.KeepUserCode=true
Mcu.UserName=STM32F446RETx
RCC.PLLCLKFreq_Value=90000000
PA14.GPIO_Label=TCK
RCC.PLLQCLKFreq_Value=90000000
PC7.Locked=true
PA3.GPIO_PuPd=GPIO_NOPULL
ProjectManager.functionlistsort=1-MX_GPIO_Init-GPIO-false-HAL-true,2-SystemClock_Config-RCC-false-HAL-false
PA9.GPIOParameters=GPIO_Label
PA2.GPIO_Speed=GPIO_SPEED_FREQ_LOW
RCC.RTCFreq_Value=32000
PA3.GPIOParameters=GPIO_Speed,GPIO_PuPd,GPIO_Label,GPIO_Mode
RCC.ADCFreqValue=32000000
PB0.GPIO_Label=LCD-CS
RCC.PLLI2SRCLKFreq_Value=96000000
PC13.GPIO_Label=B1 [Blue PushButton]
PC1.Locked=true
PA3.GPIO_Speed=GPIO_SPEED_FREQ_LOW
RCC.SAIAFreq_Value=96000000
PA2.GPIOParameters=GPIO_Speed,GPIO_PuPd,GPIO_Label,GPIO_Mode
PinOutPanel.RotationAngle=0
RCC.SYSCLKSource=RCC_SYSCLKSOURCE_PLLCLK
ProjectManager.StackSize=0x400
PB5.GPIOParameters=GPIO_Label
SH.GPXTI13.0=GPIO_EXTI13
RCC.FCLKCortexFreq_Value=90000000
NVIC.SVCall_IRQn=true\:0\:0\:false\:false\:false\:true\:false
Mcu.IP2=SYS
PB4.GPIOParameters=GPIO_Label
Mcu.IP0=NVIC
Mcu.IP1=RCC
Mcu.UserConstants=
PC1.GPIOParameters=PinState,GPIO_Label
SH.GPXTI13.ConfNb=1
Mcu.ThirdPartyNb=0
RCC.SDIOFreq_Value=90000000
RCC.HCLKFreq_Value=90000000
Mcu.IPNb=3
ProjectManager.PreviousToolchain=SW4STM32
RCC.APB2TimFreq_Value=90000000
RCC.SPDIFRXFreq_Value=90000000
PC7.Signal=GPIO_Output
PA8.GPIOParameters=GPIO_Label
Mcu.Pin6=PA2
Mcu.Pin7=PA3
Mcu.Pin8=PA4
Mcu.Pin9=PA5
RCC.VCOSAIOutputFreq_Value=192000000
PC1.PinState=GPIO_PIN_SET
RCC.AHBFreq_Value=90000000
Mcu.Pin0=PC13
Mcu.Pin1=PC14-OSC32_IN
Mcu.Pin2=PC15-OSC32_OUT
Mcu.Pin3=PC1
NVIC.EXTI15_10_IRQn=true\:0\:0\:false\:false\:true\:true\:true
Mcu.Pin4=PA0-WKUP
PA0-WKUP.GPIOParameters=PinState,GPIO_Label
Mcu.Pin5=PA1
ProjectManager.ProjectBuild=false
NVIC.UsageFault_IRQn=true\:0\:0\:false\:false\:false\:true\:false
NVIC.DebugMonitor_IRQn=true\:0\:0\:false\:false\:false\:true\:false
PA8.Locked=true
PA4.Locked=true
NVIC.SysTick_IRQn=true\:0\:0\:false\:false\:true\:true\:true
RCC.PLLMUL=RCC_PLL_MUL16
ProjectManager.FirmwarePackage=STM32Cube FW_F4 V1.25.1
MxDb.Version=DB.6.0.0
PB0.GPIOParameters=GPIO_Label
PA1.GPIOParameters=GPIO_Label
ProjectManager.BackupPrevious=false
RCC.VCOInputFreq_Value=2000000
PA14.Mode=Serial_Wire
PA5.GPIO_PuPd=GPIO_NOPULL
File.Version=6
PA10.GPIO_Label=LCD-D2
PC13.GPIO_PuPd=GPIO_NOPULL
PB3.GPIOParameters=GPIO_Label
PA8.Signal=GPIO_Output
RCC.PLLRCLKFreq_Value=90000000
NVIC.PendSV_IRQn=true\:0\:0\:false\:false\:false\:true\:false
ProjectManager.HalAssertFull=false
PB0.Locked=true
ProjectManager.ProjectName=utft
PA13.GPIOParameters=GPIO_Label
RCC.PLLMCOFreq_Value=32000000
RCC.MCO2PinFreq_Value=90000000
Mcu.Package=LQFP64
PA5.Locked=true
PA14.Locked=true
ProjectManager.ToolChainLocation=
PA2.GPIO_Label=USART_TX
VP_SYS_VS_Systick.Signal=SYS_VS_Systick
PA10.Signal=GPIO_Output
PA5.GPIOParameters=GPIO_Speed,GPIO_PuPd,GPIO_Label,GPIO_ModeDefaultOutputPP
RCC.APB2CLKDivider=RCC_HCLK_DIV2
PB5.GPIO_Label=LCD-D4
RCC.CECFreq_Value=32786.88524590164
RCC.APB1TimFreq_Value=90000000
NVIC.BusFault_IRQn=true\:0\:0\:false\:false\:false\:true\:false
PB10.GPIOParameters=GPIO_Label
RCC.SAIBFreq_Value=96000000
PA4.GPIO_Label=LCD-DC
ProjectManager.CustomerFirmwarePackage=
PC14-OSC32_IN.Locked=true
RCC.PLLSAIQCLKFreq_Value=96000000
PB3.Locked=true
PB4.Signal=GPIO_Output
PA3.Signal=USART2_RX
PA2.GPIO_Mode=GPIO_MODE_AF_PP
PA2.Locked=true
PB3.GPIO_Label=LCD-D3
ProjectManager.ProjectFileName=utft.ioc
Mcu.PinsNb=22
ProjectManager.NoMain=false
PC13.Locked=true
PC13.Signal=GPXTI13
PA9.GPIO_Label=LCD-D0
RCC.FMPI2C1Freq_Value=45000000
RCC.VCOI2SInputFreq_Value=1000000
ProjectManager.DefaultFWLocation=true
ProjectManager.DeletePrevious=true
RCC.APB1CLKDivider=RCC_HCLK_DIV2
PC14-OSC32_IN.Signal=RCC_OSC32_IN
PB10.Locked=true
boardIOC=true
RCC.FamilyName=M
PA0-WKUP.GPIO_Label=LCD-RD
PA0-WKUP.Signal=GPIO_Output
PA0-WKUP.Locked=true
PA13.Signal=SYS_JTMS-SWDIO
PA8.GPIO_Label=LCD-D7
PC15-OSC32_OUT.Locked=true
ProjectManager.TargetToolchain=Makefile
PB10.GPIO_Label=LCD-D6
PA3.GPIO_Mode=GPIO_MODE_AF_PP
PA9.Signal=GPIO_Output
PB5.Locked=true
ProjectManager.RegisterCallBack=
RCC.USBFreq_Value=90000000
PC15-OSC32_OUT.Signal=RCC_OSC32_OUT
PA1.Signal=GPIO_Output
PB10.Signal=GPIO_Output
RCC.VCOI2SOutputFreq_Value=192000000
PA5.Signal=GPIO_Output
RCC.PLLSAIPCLKFreq_Value=96000000
board=NUCLEO-F446RE
RCC.VCOOutputFreq_Value=180000000
ProjectManager.LastFirmware=true
PA0-WKUP.PinState=GPIO_PIN_SET
RCC.VCOOutput2Freq_Value=4000000
RCC.APB2Freq_Value=45000000
MxCube.Version=6.0.1
PB4.GPIO_Label=LCD-D5
PA5.GPIO_ModeDefaultOutputPP=GPIO_MODE_OUTPUT_PP
RCC.PLLI2SPCLKFreq_Value=96000000
PC13.GPIOParameters=GPIO_PuPd,GPIO_Label,GPIO_ModeDefaultEXTI
PA1.GPIO_Label=LCD-WR
PC1.GPIO_Label=LCD-RST
PA10.GPIOParameters=GPIO_Label
VP_SYS_VS_Systick.Mode=SysTick
PA9.Locked=true
NVIC.NonMaskableInt_IRQn=true\:0\:0\:false\:false\:false\:true\:false
PA4.GPIOParameters=GPIO_Label
PA13.Mode=Serial_Wire
ProjectManager.FreePins=false
RCC.IPParameters=ADCFreqValue,AHBFreq_Value,APB1CLKDivider,APB1Freq_Value,APB1TimFreq_Value,APB2CLKDivider,APB2Freq_Value,APB2TimFreq_Value,CECFreq_Value,CortexFreq_Value,FCLKCortexFreq_Value,FMPI2C1Freq_Value,FamilyName,HCLKFreq_Value,MCO2PinFreq_Value,MCOFreq_Value,PLLCLKFreq_Value,PLLI2SPCLKFreq_Value,PLLI2SQCLKFreq_Value,PLLI2SRCLKFreq_Value,PLLM,PLLMCOFreq_Value,PLLMUL,PLLN,PLLQCLKFreq_Value,PLLRCLKFreq_Value,PLLSAIPCLKFreq_Value,PLLSAIQCLKFreq_Value,PWRFreq_Value,RTCFreq_Value,SAIAFreq_Value,SAIBFreq_Value,SDIOFreq_Value,SPDIFRXFreq_Value,SYSCLKFreq_VALUE,SYSCLKSource,TimSysFreq_Value,USBFreq_Value,VCOI2SInputFreq_Value,VCOI2SOutputFreq_Value,VCOInputFreq_Value,VCOOutput2Freq_Value,VCOOutputFreq_Value,VCOSAIInputFreq_Value,VCOSAIOutputFreq_Value
ProjectManager.AskForMigrate=true
Mcu.Name=STM32F446R(C-E)Tx
RCC.PLLI2SQCLKFreq_Value=96000000
PA13.GPIO_Label=TMS
PA2.Signal=USART2_TX
ProjectManager.UnderRoot=false
PC7.GPIO_Label=LCD-D1
RCC.VCOSAIInputFreq_Value=1000000
ProjectManager.CoupleFile=true
PB4.Locked=true
PB3.Signal=GPIO_Output
PA4.Signal=GPIO_Output
RCC.SYSCLKFreq_VALUE=90000000
PB5.Signal=GPIO_Output
RCC.TimSysFreq_Value=64000000
PA1.Locked=true
Mcu.Pin20=PB5
PA3.Locked=true
Mcu.Pin21=VP_SYS_VS_Systick
PA5.GPIO_Label=LD2 [Green Led]
PA10.Locked=true
NVIC.ForceEnableDMAVector=true
KeepUserPlacement=true
PC13.GPIO_ModeDefaultEXTI=GPIO_MODE_IT_FALLING
PA14.GPIOParameters=GPIO_Label
NVIC.MemoryManagement_IRQn=true\:0\:0\:false\:false\:false\:true\:false
PA13.Locked=true
ProjectManager.CompilerOptimize=2
PA14.Signal=SYS_JTCK-SWCLK
ProjectManager.HeapSize=0x200
Mcu.Pin15=PA10
NVIC.HardFault_IRQn=true\:0\:0\:false\:false\:false\:true\:false
Mcu.Pin16=PA13
Mcu.Pin13=PA8
Mcu.Pin14=PA9
Mcu.Pin19=PB4
ProjectManager.ComputerToolchain=false
Mcu.Pin17=PA14
Mcu.Pin18=PB3
PA5.GPIO_Speed=GPIO_SPEED_FREQ_LOW
NVIC.PriorityGroup=NVIC_PRIORITYGROUP_4
Mcu.Pin11=PB10
Mcu.Pin12=PC7
RCC.PLLM=8
RCC.PLLN=90
Mcu.Pin10=PB0
RCC.PWRFreq_Value=90000000
RCC.APB1Freq_Value=45000000
PB0.Signal=GPIO_Output
ProjectManager.DeviceId=STM32F446RETx
PC1.Signal=GPIO_Output
ProjectManager.LibraryCopy=1
PA3.GPIO_Label=USART_RX
