#MicroXplorer Configuration settings - do not modify
Mcu.Family=STM32F4
PD7.Mode=NorPsramChipSelect1_1
ProjectManager.MainLocation=Src
FSMC.AddressSetupTime1=5
PCC.Series=STM32F4
PH0-OSC_IN.Signal=RCC_OSC_IN
VP_SYS_VS_tim6.Mode=TIM6
RCC.CortexFreq_Value=168000000
ProjectManager.KeepUserCode=true
Mcu.UserName=STM32F407VETx
ADC1.ContinuousConvMode=ENABLE
NVIC.TIM6_DAC_IRQn=true\:0\:0\:false\:false\:true\:false\:false\:true
PCC.Seq0.Step0.CPU_Frequency=168 MHz
PCC.Seq0.Step0.User's_Consumption=0 mA
RCC.PLLCLKFreq_Value=168000000
RCC.PLLQCLKFreq_Value=84000000
ProjectManager.functionlistsort=1-MX_GPIO_Init-GPIO-false-HAL-true,2-MX_DMA_Init-DMA-false-HAL-true,3-SystemClock_Config-RCC-false-HAL-false,4-MX_RTC_Init-RTC-false-HAL-true,5-MX_FSMC_Init-FSMC-false-HAL-true,6-MX_ADC1_Init-ADC1-false-HAL-true
VP_RTC_VS_RTC_Activate.Mode=RTC_Enabled
RCC.RTCFreq_Value=32768
Dma.ADC1.0.FIFOThreshold=DMA_FIFO_THRESHOLD_HALFFULL
ADC1.SamplingTime-21\#ChannelRegularConversion=ADC_SAMPLETIME_3CYCLES
PCC.Seq0.Step1.Duration=0.99 ms
PD9.Mode=16b-d1
PinOutPanel.RotationAngle=0
RCC.SYSCLKSource=RCC_SYSCLKSOURCE_PLLCLK
ProjectManager.StackSize=0x1000
VP_FREERTOS_VS_CMSIS_V2.Mode=CMSIS_V2
PD13.Signal=FSMC_A18
Mcu.IP4=NVIC
Mcu.IP5=RCC
RCC.FCLKCortexFreq_Value=168000000
Mcu.IP2=FREERTOS
NVIC.SVCall_IRQn=true\:0\:0\:false\:false\:false\:false\:false\:false
PCC.Seq0.Step1.Oscillator=Regulator_LP Flash-PwrDwn
Mcu.IP3=FSMC
Mcu.IP0=ADC1
Mcu.IP1=DMA
PCC.PartNumber=STM32F407VETx
Mcu.UserConstants=
PE11.Mode=16b-d1
RCC.RCC_RTC_Clock_Source=RCC_RTCCLKSOURCE_LSE
Mcu.ThirdPartyNb=0
RCC.HCLKFreq_Value=168000000
Mcu.IPNb=8
ADC1.Resolution=ADC_RESOLUTION_12B
RCC.I2SClocksFreq_Value=192000000
ProjectManager.PreviousToolchain=TrueSTUDIO
PD4.Signal=FSMC_NOE
RCC.APB2TimFreq_Value=168000000
Dma.ADC1.0.Direction=DMA_PERIPH_TO_MEMORY
RCC.VcooutputI2S=192000000
PCC.Seq0.Step1.TaMax=104.96
SH.ADCx_IN7.ConfNb=1
PD10.Mode=16b-d1
Mcu.Pin6=PA5
PD0.Signal=FSMC_D2
Mcu.Pin7=PA6
PD8.Signal=FSMC_D13
NVIC.DMA2_Stream0_IRQn=true\:5\:0\:false\:false\:true\:true\:false\:true
Mcu.Pin8=PA7
ADC1.Rank-21\#ChannelRegularConversion=4
Mcu.Pin9=PB1
PCC.Seq0.Step1.Category=In DS Table
PE1.Signal=GPIO_Output
FREERTOS.IPParameters=Tasks01,FootprintOK
Dma.ADC1.0.MemDataAlignment=DMA_MDATAALIGN_HALFWORD
RCC.AHBFreq_Value=168000000
PH0-OSC_IN.Mode=HSE-External-Oscillator
Mcu.Pin0=PE2
Mcu.Pin1=PC14-OSC32_IN
PD5.Mode=Lcd1
Mcu.Pin2=PC15-OSC32_OUT
Mcu.Pin3=PH0-OSC_IN
Mcu.Pin4=PH1-OSC_OUT
Mcu.Pin5=PA4
ProjectManager.ProjectBuild=false
RCC.HSE_VALUE=8000000
NVIC.UsageFault_IRQn=true\:0\:0\:false\:false\:true\:false\:false\:false
ADC1.Rank-20\#ChannelRegularConversion=3
NVIC.DebugMonitor_IRQn=true\:0\:0\:false\:false\:true\:false\:false\:false
PCC.Seq0.Step1.Vdd=3.3
PB2.Signal=GPIO_Output
ADC1.ScanConvMode=ENABLE
PCC.Seq0.Step0.Voltage_Source=Battery
PCC.Seq0.Step0.DMIPS=210.0
NVIC.SysTick_IRQn=true\:15\:0\:false\:false\:false\:true\:false\:true
Dma.ADC1.0.PeriphBurst=DMA_PBURST_SINGLE
ProjectManager.FirmwarePackage=STM32Cube FW_F4 V1.25.2
MxDb.Version=DB.6.0.10
PE0.GPIOParameters=GPIO_Label
PE13.Signal=FSMC_D10
ProjectManager.BackupPrevious=false
PC14-OSC32_IN.Mode=LSE-External-Oscillator
RCC.VCOInputFreq_Value=2000000
ADC1.Channel-19\#ChannelRegularConversion=ADC_CHANNEL_5
PE9.Signal=FSMC_D6
PA14.Mode=Serial_Wire
PD14.Mode=16b-d1
PB1.GPIO_Label=TOUCH_CLK
ADC1.Rank-19\#ChannelRegularConversion=2
Dma.ADC1.0.PeriphInc=DMA_PINC_DISABLE
File.Version=6
PE2.Signal=GPIO_Input
FSMC.BusTurnAroundDuration1=1
PE13.Mode=16b-d1
SH.ADCx_IN4.ConfNb=1
PE1.Locked=true
NVIC.PendSV_IRQn=true\:15\:0\:false\:false\:false\:true\:false\:false
SH.ADCx_IN6.ConfNb=1
PE10.Signal=FSMC_D7
Dma.RequestsNb=1
ProjectManager.HalAssertFull=false
ProjectManager.ProjectName=f407vet_app_fsmc
PH1-OSC_OUT.Mode=HSE-External-Oscillator
PD15.Mode=16b-d1
RCC.MCO2PinFreq_Value=168000000
PCC.Seq0.Step0.Oscillator=HSE PLL
Mcu.Package=LQFP100
PA6.Signal=ADCx_IN6
PB1.Signal=GPIO_Output
NVIC.TimeBase=TIM6_DAC_IRQn
FSMC.IPParameters=AddressSetupTime1,DataSetupTime1,BusTurnAroundDuration1
ProjectManager.ToolChainLocation=
RCC.LSI_VALUE=32000
PCC.Seq0.Step1.Average_Current=280 \u00B5A
NVIC.TimeBaseIP=TIM6
FREERTOS.FootprintOK=true
PE9.Mode=16b-d1
PCC.Checker=false
ADC1.Channel-21\#ChannelRegularConversion=ADC_CHANNEL_7
PE0.GPIO_Label=TOUCH_MISO
PCC.Seq0.Step0.Duration=0.01 ms
RCC.APB2CLKDivider=RCC_HCLK_DIV2
PCC.Seq0.Step1.DMIPS=0.0
PD4.Mode=Lcd1
Dma.ADC1.0.MemBurst=DMA_MBURST_SINGLE
RCC.APB1TimFreq_Value=84000000
NVIC.BusFault_IRQn=true\:0\:0\:false\:false\:true\:false\:false\:false
Dma.ADC1.0.FIFOMode=DMA_FIFOMODE_ENABLE
PCC.Seq0.Step0.Peripherals=
PE7.Signal=FSMC_D4
Dma.Request0=ADC1
PCC.Seq0.Step1.Mode=STOP
PE2.GPIO_Label=TOUCH_PEN
ADC1.EOCSelection=ADC_EOC_SEQ_CONV
PD15.Signal=FSMC_D1
ProjectManager.CustomerFirmwarePackage=
ADC1.SamplingTime-19\#ChannelRegularConversion=ADC_SAMPLETIME_3CYCLES
PCC.Seq0.Step1.CPU_Frequency=0 Hz
PCC.Seq0.Step1.Memory=n/a
PE12.Mode=16b-d1
VP_RTC_VS_RTC_Activate.Signal=RTC_VS_RTC_Activate
PCC.Seq0.Step0.Category=In DS Table
PC15-OSC32_OUT.Mode=LSE-External-Oscillator
ProjectManager.ProjectFileName=f407vet_app_fsmc.ioc
Dma.ADC1.0.Instance=DMA2_Stream0
FREERTOS.Tasks01=defaultTask,24,256,StartDefaultTask,Default,NULL,Dynamic,NULL,NULL;Task_menu,8,512,StartTask_menu,Default,NULL,Dynamic,NULL,NULL
Mcu.PinsNb=38
PCC.Seq0.Step0.Average_Current=46 mA
PCC.Vdd=3.3
ProjectManager.NoMain=false
SH.ADCx_IN6.0=ADC1_IN6,IN6
ADC1.IPParameters=Rank-18\#ChannelRegularConversion,master,Channel-18\#ChannelRegularConversion,SamplingTime-18\#ChannelRegularConversion,NbrOfConversionFlag,ScanConvMode,DiscontinuousConvMode,Rank-19\#ChannelRegularConversion,Channel-19\#ChannelRegularConversion,SamplingTime-19\#ChannelRegularConversion,NbrOfConversion,EOCSelection,Rank-20\#ChannelRegularConversion,Channel-20\#ChannelRegularConversion,SamplingTime-20\#ChannelRegularConversion,Rank-21\#ChannelRegularConversion,Channel-21\#ChannelRegularConversion,SamplingTime-21\#ChannelRegularConversion,ContinuousConvMode,DMAContinuousRequests,Resolution
NVIC.SavedSvcallIrqHandlerGenerated=true
ADC1.Rank-18\#ChannelRegularConversion=1
PE10.Mode=16b-d1
ADC1.DiscontinuousConvMode=DISABLE
PD7.Signal=FSMC_NE1
PD1.Signal=FSMC_D3
ProjectManager.DefaultFWLocation=true
PD9.Signal=FSMC_D14
PD5.Signal=FSMC_NWE
ProjectManager.DeletePrevious=true
PCC.Line=STM32F407/417
RCC.APB1CLKDivider=RCC_HCLK_DIV4
PC14-OSC32_IN.Signal=RCC_OSC32_IN
RCC.FamilyName=M
PE8.Mode=16b-d1
PD10.Signal=FSMC_D15
PA13.Signal=SYS_JTMS-SWDIO
PCC.Seq0.Step0.TaMax=98.47
Dma.ADC1.0.PeriphDataAlignment=DMA_PDATAALIGN_HALFWORD
PCC.MCU=STM32F407V(E-G)Tx
ProjectManager.TargetToolchain=Makefile
FSMC.DataSetupTime1=8
PCC.Seq0.Step1.User's_Consumption=0 mA
SH.ADCx_IN7.0=ADC1_IN7,IN7
ADC1.SamplingTime-20\#ChannelRegularConversion=ADC_SAMPLETIME_3CYCLES
Dma.ADC1.0.Mode=DMA_CIRCULAR
ADC1.Channel-18\#ChannelRegularConversion=ADC_CHANNEL_4
PCC.Seq0.Step0.Mode=RUN
Dma.ADC1.0.Priority=DMA_PRIORITY_HIGH
PB2.GPIOParameters=GPIO_Label
PD13.Mode=A18_1
PE2.GPIOParameters=GPIO_Label
ProjectManager.RegisterCallBack=
PE0.Locked=true
PE11.Signal=FSMC_D8
PD8.Mode=16b-d1
PC15-OSC32_OUT.Signal=RCC_OSC32_OUT
PB1.Locked=true
RCC.VCOI2SOutputFreq_Value=384000000
PA5.Signal=ADCx_IN5
board=custom
PCC.Temperature=25
RCC.VCOOutputFreq_Value=336000000
PE1.GPIO_Label=TOUCH_MOSI
ProjectManager.LastFirmware=true
PD1.Mode=16b-d1
Dma.ADC1.0.RequestParameters=Instance,Direction,PeriphInc,MemInc,PeriphDataAlignment,MemDataAlignment,Mode,Priority,FIFOMode,FIFOThreshold,MemBurst,PeriphBurst
VP_SYS_VS_tim6.Signal=SYS_VS_tim6
NVIC.SavedSystickIrqHandlerGenerated=true
RCC.APB2Freq_Value=84000000
PE14.Signal=FSMC_D11
PCC.Seq0.Step0.Frequency=4 MHz
PE15.Signal=FSMC_D12
PCC.Seq0.Step0.Vcore=Scale1-High
MxCube.Version=6.1.0
Mcu.Pin37=VP_SYS_VS_tim6
Mcu.Pin35=VP_FREERTOS_VS_CMSIS_V2
ADC1.Channel-20\#ChannelRegularConversion=ADC_CHANNEL_6
PE8.Signal=FSMC_D5
Mcu.Pin36=VP_RTC_VS_RTC_Activate
PE14.Mode=16b-d1
Mcu.Pin30=PD4
RCC.EthernetFreq_Value=168000000
Mcu.Pin33=PE0
PH1-OSC_OUT.Signal=RCC_OSC_OUT
Mcu.Pin34=PE1
Mcu.Pin31=PD5
RCC.RCC_RTC_Clock_SourceVirtual=RCC_RTCCLKSOURCE_LSE
SH.ADCx_IN4.0=ADC1_IN4,IN4
Mcu.Pin32=PD7
NVIC.NonMaskableInt_IRQn=true\:0\:0\:false\:false\:true\:false\:false\:false
ADC1.DMAContinuousRequests=ENABLE
ADC1.NbrOfConversion=4
PA13.Mode=Serial_Wire
ProjectManager.FreePins=false
RCC.IPParameters=48MHZClocksFreq_Value,AHBFreq_Value,APB1CLKDivider,APB1Freq_Value,APB1TimFreq_Value,APB2CLKDivider,APB2Freq_Value,APB2TimFreq_Value,CortexFreq_Value,EthernetFreq_Value,FCLKCortexFreq_Value,FamilyName,HCLKFreq_Value,HSE_VALUE,HSI_VALUE,I2SClocksFreq_Value,LSI_VALUE,MCO2PinFreq_Value,PLLCLKFreq_Value,PLLM,PLLN,PLLQCLKFreq_Value,RCC_RTC_Clock_Source,RCC_RTC_Clock_SourceVirtual,RTCFreq_Value,RTCHSEDivFreq_Value,SYSCLKFreq_VALUE,SYSCLKSource,VCOI2SOutputFreq_Value,VCOInputFreq_Value,VCOOutputFreq_Value,VcooutputI2S
ProjectManager.AskForMigrate=true
PE0.Signal=GPIO_Input
Mcu.Name=STM32F407V(E-G)Tx
PD0.Mode=16b-d1
PE12.Signal=FSMC_D9
Mcu.Pin26=PA13
Mcu.Pin27=PA14
NVIC.SavedPendsvIrqHandlerGenerated=true
RCC.RTCHSEDivFreq_Value=4000000
Mcu.Pin24=PD14
ProjectManager.UnderRoot=false
Mcu.Pin25=PD15
PB2.Locked=true
VP_FREERTOS_VS_CMSIS_V2.Signal=FREERTOS_VS_CMSIS_V2
PD14.Signal=FSMC_D0
Mcu.Pin28=PD0
Mcu.IP6=RTC
Mcu.Pin29=PD1
Mcu.IP7=SYS
ProjectManager.CoupleFile=true
RCC.48MHZClocksFreq_Value=84000000
PCC.Seq0.Step0.Memory=FLASH
PA4.Signal=ADCx_IN4
RCC.SYSCLKFreq_VALUE=168000000
PE7.Mode=16b-d1
Mcu.Pin22=PD10
Mcu.Pin23=PD13
Mcu.Pin20=PD8
ADC1.master=1
Mcu.Pin21=PD9
NVIC.ForceEnableDMAVector=true
KeepUserPlacement=false
NVIC.MemoryManagement_IRQn=true\:0\:0\:false\:false\:true\:false\:false\:false
ProjectManager.CompilerOptimize=6
Dma.ADC1.0.MemInc=DMA_MINC_ENABLE
PA14.Signal=SYS_JTCK-SWCLK
PB2.GPIO_Label=TOUCH_CS
ProjectManager.HeapSize=0x800
Mcu.Pin15=PE11
NVIC.HardFault_IRQn=true\:0\:0\:false\:false\:true\:false\:false\:false
Mcu.Pin16=PE12
Mcu.Pin13=PE9
Mcu.Pin14=PE10
Mcu.Pin19=PE15
ProjectManager.ComputerToolchain=false
Mcu.Pin17=PE13
RCC.HSI_VALUE=16000000
Mcu.Pin18=PE14
PCC.Seq0.Step1.Frequency=0 Hz
SH.ADCx_IN5.0=ADC1_IN5,IN5
NVIC.PriorityGroup=NVIC_PRIORITYGROUP_4
ADC1.NbrOfConversionFlag=1
Mcu.Pin11=PE7
Mcu.Pin12=PE8
RCC.PLLM=8
RCC.PLLN=168
Mcu.Pin10=PB2
PCC.Seq0.Step1.Peripherals=
PE2.Locked=true
PCC.Seq0.Step1.Vcore=No Scale
SH.ADCx_IN5.ConfNb=1
PCC.Seq0.Step1.Voltage_Source=Battery
PCC.Seq0.Step0.Vdd=3.3
PCC.Seq0=2
RCC.APB1Freq_Value=42000000
ADC1.SamplingTime-18\#ChannelRegularConversion=ADC_SAMPLETIME_3CYCLES
ProjectManager.DeviceId=STM32F407VETx
ProjectManager.LibraryCopy=1
PE15.Mode=16b-d1
PE1.GPIOParameters=GPIO_Label
PB1.GPIOParameters=GPIO_Label
PA7.Signal=ADCx_IN7
