#MicroXplorer Configuration settings - do not modify
Mcu.Family=STM32F4
ProjectManager.MainLocation=Core/Src
PB10.PinState=GPIO_PIN_RESET
PB13.GPIOParameters=GPIO_Speed,PinState,GPIO_PuPd,GPIO_Label,GPIO_ModeDefaultOutputPP
RCC.CortexFreq_Value=84000000
ProjectManager.KeepUserCode=true
Mcu.UserName=STM32F401CCUx
PB10.GPIO_Speed=GPIO_SPEED_FREQ_VERY_HIGH
PB10.GPIO_PuPd=GPIO_NOPULL
RCC.PLLCLKFreq_Value=84000000
PB14.GPIO_Label=LCD_CS
RCC.PLLQCLKFreq_Value=42000000
PB2.GPIO_Speed=GPIO_SPEED_FREQ_VERY_HIGH
ProjectManager.functionlistsort=1-MX_GPIO_Init-GPIO-false-LL-true,2-SystemClock_Config-RCC-false-LL-false,3-MX_ADC1_Init-ADC1-false-LL-true
RCC.RTCFreq_Value=32000
PB0.GPIO_Label=LCD_D0
PB6.GPIO_Label=LCD_D6
PB13.GPIO_Label=LCD_DC
PB13.Signal=GPIO_Output
PB15.Signal=GPIO_Output
PB15.PinState=GPIO_PIN_RESET
PinOutPanel.RotationAngle=0
PB3.GPIO_Speed=GPIO_SPEED_FREQ_VERY_HIGH
RCC.SYSCLKSource=RCC_SYSCLKSOURCE_PLLCLK
ProjectManager.StackSize=0x400
PB5.GPIOParameters=GPIO_Speed,PinState,GPIO_PuPd,GPIO_Label,GPIO_ModeDefaultOutputPP
RCC.FCLKCortexFreq_Value=84000000
NVIC.SVCall_IRQn=true\:0\:0\:false\:false\:true\:false\:false
Mcu.IP2=RCC
Mcu.IP3=SYS
PB4.GPIOParameters=GPIO_Speed,PinState,GPIO_PuPd,GPIO_Label,GPIO_ModeDefaultOutputPP
Mcu.IP0=ADC1
PB10.GPIO_ModeDefaultOutputPP=GPIO_MODE_OUTPUT_PP
Mcu.IP1=NVIC
Mcu.UserConstants=
PB0.PinState=GPIO_PIN_RESET
PB3.PinState=GPIO_PIN_RESET
Mcu.ThirdPartyNb=0
PB1.GPIO_PuPd=GPIO_NOPULL
RCC.HCLKFreq_Value=84000000
Mcu.IPNb=4
RCC.I2SClocksFreq_Value=192000000
ProjectManager.PreviousToolchain=
RCC.APB2TimFreq_Value=84000000
PB6.Signal=GPIO_Output
RCC.VcooutputI2S=192000000
ADC1.Channel-2\#ChannelRegularConversion=ADC_CHANNEL_VBAT
PB13.GPIO_ModeDefaultOutputPP=GPIO_MODE_OUTPUT_PP
PB5.PinState=GPIO_PIN_RESET
PB12.PinState=GPIO_PIN_RESET
PB15.GPIO_ModeDefaultOutputPP=GPIO_MODE_OUTPUT_PP
Mcu.Pin6=PB12
Mcu.Pin7=PB13
Mcu.Pin8=PB14
Mcu.Pin9=PB15
RCC.AHBFreq_Value=84000000
PB13.Locked=true
Mcu.Pin0=PC14-OSC32_IN
Mcu.Pin1=PC15-OSC32_OUT
GPIO.groupedBy=Group By Peripherals
Mcu.Pin2=PB0
Mcu.Pin3=PB1
Mcu.Pin4=PB2
Mcu.Pin5=PB10
ProjectManager.ProjectBuild=false
RCC.HSE_VALUE=25000000
NVIC.UsageFault_IRQn=true\:0\:0\:false\:false\:true\:false\:false
NVIC.DebugMonitor_IRQn=true\:0\:0\:false\:false\:true\:false\:false
PB2.Signal=GPIO_Output
PB12.GPIO_ModeDefaultOutputPP=GPIO_MODE_OUTPUT_PP
NVIC.SysTick_IRQn=true\:0\:0\:false\:false\:true\:false\:true
PB12.GPIO_Label=LCD_WR
ProjectManager.FirmwarePackage=STM32Cube FW_F4 V1.25.2
VP_ADC1_Vref_Input.Mode=IN-Vrefint
MxDb.Version=DB.6.0.10
PB0.GPIOParameters=GPIO_Label,GPIO_Speed,GPIO_ModeDefaultOutputPP,PinState,GPIO_PuPd
PB3.GPIO_PuPd=GPIO_NOPULL
ADC1.Rank-2\#ChannelRegularConversion=1
ProjectManager.BackupPrevious=false
PC14-OSC32_IN.Mode=LSE-External-Oscillator
RCC.VCOInputFreq_Value=2000000
PB1.GPIO_Speed=GPIO_SPEED_FREQ_VERY_HIGH
PA14.Mode=Serial_Wire
PB1.GPIO_Label=LCD_D1
File.Version=6
PB3.GPIOParameters=GPIO_Speed,PinState,GPIO_PuPd,GPIO_Label,GPIO_ModeDefaultOutputPP
PB7.Signal=GPIO_Output
PB6.Locked=true
NVIC.PendSV_IRQn=true\:0\:0\:false\:false\:true\:false\:false
VP_ADC1_Vbat_Input.Signal=ADC1_Vbat_Input
PB6.GPIOParameters=GPIO_Speed,PinState,GPIO_PuPd,GPIO_Label,GPIO_ModeDefaultOutputPP
ProjectManager.HalAssertFull=false
PB2.GPIO_PuPd=GPIO_NOPULL
PB0.Locked=true
ProjectManager.ProjectName=uGuiFX
PB7.PinState=GPIO_PIN_RESET
PB1.PinState=GPIO_PIN_RESET
PB7.GPIO_Label=LCD_D7
Mcu.Package=UFQFPN48
PB1.Signal=GPIO_Output
PB14.GPIO_PuPd=GPIO_NOPULL
PB15.GPIO_PuPd=GPIO_NOPULL
ProjectManager.ToolChainLocation=
PB6.GPIO_ModeDefaultOutputPP=GPIO_MODE_OUTPUT_PP
RCC.LSI_VALUE=32000
VP_SYS_VS_Systick.Signal=SYS_VS_Systick
PB14.GPIOParameters=GPIO_Speed,PinState,GPIO_PuPd,GPIO_Label,GPIO_ModeDefaultOutputPP
PB5.GPIO_Speed=GPIO_SPEED_FREQ_VERY_HIGH
PB5.GPIO_Label=LCD_D5
RCC.APB1TimFreq_Value=84000000
NVIC.BusFault_IRQn=true\:0\:0\:false\:false\:true\:false\:false
PB0.GPIO_ModeDefaultOutputPP=GPIO_MODE_OUTPUT_PP
PB10.GPIOParameters=GPIO_Speed,PinState,GPIO_PuPd,GPIO_Label,GPIO_ModeDefaultOutputPP
PB2.GPIO_ModeDefaultOutputPP=GPIO_MODE_OUTPUT_PP
PB4.PinState=GPIO_PIN_RESET
ProjectManager.CustomerFirmwarePackage=
PB15.Locked=true
PB3.Locked=true
PB4.Signal=GPIO_Output
PB4.GPIO_ModeDefaultOutputPP=GPIO_MODE_OUTPUT_PP
PB7.GPIO_Speed=GPIO_SPEED_FREQ_VERY_HIGH
PB3.GPIO_Label=LCD_D3
PB7.GPIO_PuPd=GPIO_NOPULL
PB5.GPIO_ModeDefaultOutputPP=GPIO_MODE_OUTPUT_PP
PC15-OSC32_OUT.Mode=LSE-External-Oscillator
ProjectManager.ProjectFileName=uGuiFX.ioc
Mcu.PinsNb=20
ProjectManager.NoMain=false
ADC1.IPParameters=Rank-2\#ChannelRegularConversion,master,Channel-2\#ChannelRegularConversion,SamplingTime-2\#ChannelRegularConversion,NbrOfConversionFlag
PB6.GPIO_PuPd=GPIO_NOPULL
VP_ADC1_Vbat_Input.Mode=IN-Vbat
ProjectManager.DefaultFWLocation=true
PB12.Locked=true
ProjectManager.DeletePrevious=true
PB14.Locked=true
RCC.APB1CLKDivider=RCC_HCLK_DIV2
PB10.Locked=true
PC14-OSC32_IN.Signal=RCC_OSC32_IN
ADC1.SamplingTime-2\#ChannelRegularConversion=ADC_SAMPLETIME_3CYCLES
PB0.GPIO_Speed=GPIO_SPEED_FREQ_VERY_HIGH
PA13.Signal=SYS_JTMS-SWDIO
PB14.PinState=GPIO_PIN_RESET
ProjectManager.TargetToolchain=Makefile
PB14.GPIO_Speed=GPIO_SPEED_FREQ_VERY_HIGH
PB10.GPIO_Label=LCD_RD
PB7.GPIOParameters=GPIO_Speed,PinState,GPIO_PuPd,GPIO_Label,GPIO_ModeDefaultOutputPP
PB2.GPIOParameters=GPIO_Speed,PinState,GPIO_PuPd,GPIO_Label,GPIO_ModeDefaultOutputPP
PB13.GPIO_Speed=GPIO_SPEED_FREQ_VERY_HIGH
PB5.Locked=true
PB4.GPIO_PuPd=GPIO_NOPULL
ProjectManager.RegisterCallBack=
PC15-OSC32_OUT.Signal=RCC_OSC32_OUT
PB14.GPIO_ModeDefaultOutputPP=GPIO_MODE_OUTPUT_PP
PB12.GPIO_Speed=GPIO_SPEED_FREQ_VERY_HIGH
PB1.Locked=true
PB10.Signal=GPIO_Output
RCC.VCOI2SOutputFreq_Value=384000000
PB14.Signal=GPIO_Output
board=custom
RCC.VCOOutputFreq_Value=168000000
ProjectManager.LastFirmware=true
PB13.GPIO_PuPd=GPIO_NOPULL
PB4.GPIO_Speed=GPIO_SPEED_FREQ_VERY_HIGH
RCC.APB2Freq_Value=84000000
PB13.PinState=GPIO_PIN_RESET
MxCube.Version=6.1.1
PB4.GPIO_Label=LCD_D4
PB15.GPIO_Label=LCD_RST
PB7.GPIO_ModeDefaultOutputPP=GPIO_MODE_OUTPUT_PP
PB15.GPIO_Speed=GPIO_SPEED_FREQ_VERY_HIGH
VP_SYS_VS_Systick.Mode=SysTick
VP_ADC1_Vref_Input.Signal=ADC1_Vref_Input
NVIC.NonMaskableInt_IRQn=true\:0\:0\:false\:false\:true\:false\:false
PB15.GPIOParameters=GPIO_Speed,PinState,GPIO_PuPd,GPIO_Label,GPIO_ModeDefaultOutputPP
PA13.Mode=Serial_Wire
ProjectManager.FreePins=false
RCC.IPParameters=48MHZClocksFreq_Value,AHBFreq_Value,APB1CLKDivider,APB1Freq_Value,APB1TimFreq_Value,APB2Freq_Value,APB2TimFreq_Value,CortexFreq_Value,FCLKCortexFreq_Value,HCLKFreq_Value,HSE_VALUE,HSI_VALUE,I2SClocksFreq_Value,LSI_VALUE,PLLCLKFreq_Value,PLLM,PLLN,PLLQCLKFreq_Value,RTCFreq_Value,RTCHSEDivFreq_Value,SYSCLKFreq_VALUE,SYSCLKSource,VCOI2SOutputFreq_Value,VCOInputFreq_Value,VCOOutputFreq_Value,VcooutputI2S
ProjectManager.AskForMigrate=true
PB2.PinState=GPIO_PIN_RESET
Mcu.Name=STM32F401C(B-C)Ux
RCC.RTCHSEDivFreq_Value=12500000
ProjectManager.UnderRoot=false
PB2.Locked=true
ProjectManager.CoupleFile=true
PB4.Locked=true
RCC.48MHZClocksFreq_Value=42000000
PB3.Signal=GPIO_Output
RCC.SYSCLKFreq_VALUE=84000000
PB5.Signal=GPIO_Output
ADC1.master=1
NVIC.ForceEnableDMAVector=true
KeepUserPlacement=false
PB5.GPIO_PuPd=GPIO_NOPULL
NVIC.MemoryManagement_IRQn=true\:0\:0\:false\:false\:true\:false\:false
ProjectManager.CompilerOptimize=6
PB6.PinState=GPIO_PIN_RESET
PA14.Signal=SYS_JTCK-SWCLK
PB2.GPIO_Label=LCD_D2
ProjectManager.HeapSize=0x200
Mcu.Pin15=PB6
NVIC.HardFault_IRQn=true\:0\:0\:false\:false\:true\:false\:false
Mcu.Pin16=PB7
Mcu.Pin13=PB4
Mcu.Pin14=PB5
Mcu.Pin19=VP_SYS_VS_Systick
ProjectManager.ComputerToolchain=false
Mcu.Pin17=VP_ADC1_Vref_Input
RCC.HSI_VALUE=16000000
Mcu.Pin18=VP_ADC1_Vbat_Input
NVIC.PriorityGroup=NVIC_PRIORITYGROUP_4
ADC1.NbrOfConversionFlag=1
Mcu.Pin11=PA14
Mcu.Pin12=PB3
RCC.PLLM=8
RCC.PLLN=84
Mcu.Pin10=PA13
PB7.Locked=true
PB1.GPIO_ModeDefaultOutputPP=GPIO_MODE_OUTPUT_PP
PB6.GPIO_Speed=GPIO_SPEED_FREQ_VERY_HIGH
PB12.GPIO_PuPd=GPIO_NOPULL
RCC.APB1Freq_Value=42000000
PB0.Signal=GPIO_Output
ProjectManager.DeviceId=STM32F401CCUx
PB12.GPIOParameters=GPIO_Speed,PinState,GPIO_PuPd,GPIO_Label,GPIO_ModeDefaultOutputPP
PB12.Signal=GPIO_Output
ProjectManager.LibraryCopy=1
PB0.GPIO_PuPd=GPIO_NOPULL
PB3.GPIO_ModeDefaultOutputPP=GPIO_MODE_OUTPUT_PP
PB1.GPIOParameters=GPIO_Label,GPIO_Speed,GPIO_ModeDefaultOutputPP,PinState,GPIO_PuPd
