#MicroXplorer Configuration settings - do not modify
Mcu.Family=STM32F1
ProjectManager.MainLocation=Core/Src
PA2.GPIO_PuPd=GPIO_NOPULL
RCC.MCOFreq_Value=64000000
PC7.GPIOParameters=GPIO_Label
ProjectManager.KeepUserCode=true
Mcu.UserName=STM32F103RBTx
RCC.PLLCLKFreq_Value=64000000
PC13-TAMPER-RTC.GPIOParameters=GPIO_PuPd,GPIO_Label,GPIO_ModeDefaultEXTI
PA14.GPIO_Label=TCK
PC7.Locked=true
PA3.GPIO_PuPd=GPIO_NOPULL
ProjectManager.functionlistsort=1-MX_GPIO_Init-GPIO-false-HAL-true,2-SystemClock_Config-RCC-false-LL-false
PA9.GPIOParameters=GPIO_Label
PA2.GPIO_Speed=GPIO_SPEED_FREQ_LOW
RCC.RTCFreq_Value=40000
PA3.GPIOParameters=GPIO_Speed,GPIO_PuPd,GPIO_Label,GPIO_Mode
RCC.ADCFreqValue=32000000
PB0.GPIO_Label=LCD-CS
PC1.Locked=true
PA3.GPIO_Speed=GPIO_SPEED_FREQ_LOW
PA2.GPIOParameters=GPIO_Speed,GPIO_PuPd,GPIO_Label,GPIO_Mode
PinOutPanel.RotationAngle=0
RCC.SYSCLKSource=RCC_SYSCLKSOURCE_PLLCLK
ProjectManager.StackSize=0x400
PB5.GPIOParameters=GPIO_Label
PD1-OSC_OUT.Locked=true
SH.GPXTI13.0=GPIO_EXTI13
PD1-OSC_OUT.Signal=RCC_OSC_OUT
RCC.FCLKCortexFreq_Value=64000000
NVIC.SVCall_IRQn=true\:0\:0\:false\:false\:false\:true\:false
Mcu.IP2=SYS
PB4.GPIOParameters=GPIO_Label
Mcu.IP0=NVIC
Mcu.IP1=RCC
Mcu.UserConstants=
PC1.GPIOParameters=PinState,GPIO_Label
SH.GPXTI13.ConfNb=1
Mcu.ThirdPartyNb=0
RCC.HCLKFreq_Value=64000000
Mcu.IPNb=3
ProjectManager.PreviousToolchain=SW4STM32
RCC.APB2TimFreq_Value=64000000
PC7.Signal=GPIO_Output
PA8.GPIOParameters=GPIO_Label
Mcu.Pin6=PA0-WKUP
Mcu.Pin7=PA1
Mcu.Pin8=PA2
Mcu.Pin9=PA3
PC1.PinState=GPIO_PIN_SET
RCC.AHBFreq_Value=64000000
Mcu.Pin0=PC13-TAMPER-RTC
Mcu.Pin1=PC14-OSC32_IN
Mcu.Pin2=PC15-OSC32_OUT
Mcu.Pin3=PD0-OSC_IN
Mcu.Pin4=PD1-OSC_OUT
PA0-WKUP.GPIOParameters=PinState,GPIO_Label
NVIC.EXTI15_10_IRQn=true\:0\:0\:false\:false\:true\:true\:true
Mcu.Pin5=PC1
ProjectManager.ProjectBuild=false
NVIC.UsageFault_IRQn=true\:0\:0\:false\:false\:false\:true\:false
NVIC.DebugMonitor_IRQn=true\:0\:0\:false\:false\:false\:true\:false
PA8.Locked=true
PA4.Locked=true
NVIC.SysTick_IRQn=true\:0\:0\:false\:false\:true\:true\:true
RCC.PLLMUL=RCC_PLL_MUL16
ProjectManager.FirmwarePackage=STM32Cube FW_F1 V1.8.3
MxDb.Version=DB.6.0.10
PB0.GPIOParameters=GPIO_Label
PA1.GPIOParameters=GPIO_Label
ProjectManager.BackupPrevious=false
PA14.Mode=Serial_Wire
PA5.GPIO_PuPd=GPIO_NOPULL
File.Version=6
PA10.GPIO_Label=LCD-D2
PB3.GPIOParameters=GPIO_Label
PA8.Signal=GPIO_Output
NVIC.PendSV_IRQn=true\:0\:0\:false\:false\:false\:true\:false
ProjectManager.HalAssertFull=false
PB0.Locked=true
ProjectManager.ProjectName=friend
PA13.GPIOParameters=GPIO_Label
RCC.PLLMCOFreq_Value=32000000
Mcu.Package=LQFP64
PA5.Locked=true
PC13-TAMPER-RTC.GPIO_PuPd=GPIO_NOPULL
PA14.Locked=true
ProjectManager.ToolChainLocation=
PA2.GPIO_Label=USART_TX
VP_SYS_VS_Systick.Signal=SYS_VS_Systick
PA10.Signal=GPIO_Output
PA5.GPIOParameters=GPIO_Speed,GPIO_PuPd,GPIO_Label,GPIO_ModeDefaultOutputPP
PB5.GPIO_Label=LCD-D4
RCC.APB1TimFreq_Value=64000000
NVIC.BusFault_IRQn=true\:0\:0\:false\:false\:false\:true\:false
PB10.GPIOParameters=GPIO_Label
PA4.GPIO_Label=LCD-DC
ProjectManager.CustomerFirmwarePackage=
PC14-OSC32_IN.Locked=true
PB3.Locked=true
PB4.Signal=GPIO_Output
PA3.Signal=USART2_RX
PA2.GPIO_Mode=GPIO_MODE_AF_PP
PA2.Locked=true
PB3.GPIO_Label=LCD-D3
ProjectManager.ProjectFileName=friend.ioc
Mcu.PinsNb=24
ProjectManager.NoMain=false
PA9.GPIO_Label=LCD-D0
PC13-TAMPER-RTC.Signal=GPXTI13
ProjectManager.DefaultFWLocation=true
PD0-OSC_IN.Signal=RCC_OSC_IN
ProjectManager.DeletePrevious=true
RCC.APB1CLKDivider=RCC_HCLK_DIV2
PC14-OSC32_IN.Signal=RCC_OSC32_IN
PB10.Locked=true
boardIOC=true
RCC.FamilyName=M
PA0-WKUP.GPIO_Label=LCD-RD
PA0-WKUP.Signal=GPIO_Output
PA0-WKUP.Locked=true
PA13.Signal=SYS_JTMS-SWDIO
PA8.GPIO_Label=LCD-D7
PC15-OSC32_OUT.Locked=true
ProjectManager.TargetToolchain=Makefile
PB10.GPIO_Label=LCD-D6
PA3.GPIO_Mode=GPIO_MODE_AF_PP
PA9.Signal=GPIO_Output
PB5.Locked=true
ProjectManager.RegisterCallBack=
PC13-TAMPER-RTC.Locked=true
RCC.USBFreq_Value=64000000
PC15-OSC32_OUT.Signal=RCC_OSC32_OUT
PA1.Signal=GPIO_Output
PB10.Signal=GPIO_Output
PA5.Signal=GPIO_Output
board=NUCLEO-F103RB
PC13-TAMPER-RTC.GPIO_ModeDefaultEXTI=GPIO_MODE_IT_FALLING
ProjectManager.LastFirmware=true
PC13-TAMPER-RTC.GPIO_Label=B1 [Blue PushButton]
PA0-WKUP.PinState=GPIO_PIN_SET
RCC.VCOOutput2Freq_Value=4000000
RCC.APB2Freq_Value=64000000
MxCube.Version=6.1.0
PB4.GPIO_Label=LCD-D5
PA5.GPIO_ModeDefaultOutputPP=GPIO_MODE_OUTPUT_PP
PA1.GPIO_Label=LCD-WR
PC1.GPIO_Label=LCD_RST
PA10.GPIOParameters=GPIO_Label
VP_SYS_VS_Systick.Mode=SysTick
PA9.Locked=true
NVIC.NonMaskableInt_IRQn=true\:0\:0\:false\:false\:false\:true\:false
PA4.GPIOParameters=GPIO_Label
PA13.Mode=Serial_Wire
ProjectManager.FreePins=false
RCC.IPParameters=ADCFreqValue,AHBFreq_Value,APB1CLKDivider,APB1Freq_Value,APB1TimFreq_Value,APB2Freq_Value,APB2TimFreq_Value,FCLKCortexFreq_Value,FamilyName,HCLKFreq_Value,MCOFreq_Value,PLLCLKFreq_Value,PLLMCOFreq_Value,PLLMUL,RTCFreq_Value,SYSCLKFreq_VALUE,SYSCLKSource,TimSysFreq_Value,USBFreq_Value,VCOOutput2Freq_Value
ProjectManager.AskForMigrate=true
Mcu.Name=STM32F103R(8-B)Tx
PA13.GPIO_Label=TMS
PA2.Signal=USART2_TX
ProjectManager.UnderRoot=false
PC7.GPIO_Label=LCD-D1
ProjectManager.CoupleFile=true
PB4.Locked=true
PB3.Signal=GPIO_Output
PA4.Signal=GPIO_Output
RCC.SYSCLKFreq_VALUE=64000000
PB5.Signal=GPIO_Output
Mcu.Pin22=PB5
Mcu.Pin23=VP_SYS_VS_Systick
RCC.TimSysFreq_Value=64000000
PA1.Locked=true
Mcu.Pin20=PB3
PA3.Locked=true
Mcu.Pin21=PB4
PA5.GPIO_Label=LD2 [Green Led]
PA10.Locked=true
NVIC.ForceEnableDMAVector=true
KeepUserPlacement=true
PA14.GPIOParameters=GPIO_Label
NVIC.MemoryManagement_IRQn=true\:0\:0\:false\:false\:false\:true\:false
PA13.Locked=true
ProjectManager.CompilerOptimize=2
PA14.Signal=SYS_JTCK-SWCLK
ProjectManager.HeapSize=0x200
Mcu.Pin15=PA8
NVIC.HardFault_IRQn=true\:0\:0\:false\:false\:false\:true\:false
Mcu.Pin16=PA9
Mcu.Pin13=PB10
Mcu.Pin14=PC7
Mcu.Pin19=PA14
ProjectManager.ComputerToolchain=false
Mcu.Pin17=PA10
Mcu.Pin18=PA13
PA5.GPIO_Speed=GPIO_SPEED_FREQ_LOW
NVIC.PriorityGroup=NVIC_PRIORITYGROUP_4
Mcu.Pin11=PA5
Mcu.Pin12=PB0
Mcu.Pin10=PA4
RCC.APB1Freq_Value=32000000
PB0.Signal=GPIO_Output
PD0-OSC_IN.Locked=true
ProjectManager.DeviceId=STM32F103RBTx
PC1.Signal=GPIO_Output
ProjectManager.LibraryCopy=1
PA3.GPIO_Label=USART_RX
