#MicroXplorer Configuration settings - do not modify
Mcu.Family=STM32F1
ProjectManager.MainLocation=Core/Src
RCC.MCOFreq_Value=128000000
ProjectManager.KeepUserCode=true
Mcu.UserName=STM32F103C8Tx
ADC1.SamplingTime-6\#ChannelRegularConversion=ADC_SAMPLETIME_1CYCLE_5
RCC.PLLCLKFreq_Value=128000000
PC13-TAMPER-RTC.GPIOParameters=GPIO_Speed,PinState,GPIO_Label,GPIO_ModeDefaultOutputPP
ProjectManager.functionlistsort=1-MX_GPIO_Init-GPIO-false-LL-true,2-SystemClock_Config-RCC-false-LL-false,3-MX_TIM3_Init-TIM3-false-LL-true,4-MX_ADC1_Init-ADC1-false-LL-true
PA2.GPIO_Speed=GPIO_SPEED_FREQ_HIGH
PB9.GPIO_ModeDefaultOutputPP=GPIO_MODE_OUTPUT_PP
PA3.GPIOParameters=GPIO_Speed,PinState,GPIO_Label,GPIO_ModeDefaultOutputPP
RCC.ADCFreqValue=16000000
PA7.GPIO_ModeDefaultOutputPP=GPIO_MODE_OUTPUT_PP
PA6.GPIO_Label=DSP_data
PB6.GPIO_Label=DSP_WR
PA3.GPIO_Speed=GPIO_SPEED_FREQ_HIGH
PA5.PinState=GPIO_PIN_RESET
PA2.GPIOParameters=GPIO_Speed,PinState,GPIO_Label,GPIO_ModeDefaultOutputPP
PinOutPanel.RotationAngle=0
RCC.SYSCLKSource=RCC_SYSCLKSOURCE_PLLCLK
ProjectManager.StackSize=0x400
PB5.GPIOParameters=GPIO_Speed,PinState,GPIO_Label,GPIO_ModeDefaultOutputPP
PD1-OSC_OUT.Signal=RCC_OSC_OUT
Mcu.IP4=TIM3
RCC.FCLKCortexFreq_Value=128000000
NVIC.SVCall_IRQn=true\:0\:0\:false\:false\:true\:true\:false
Mcu.IP2=RCC
Mcu.IP3=SYS
Mcu.IP0=ADC1
Mcu.IP1=NVIC
Mcu.UserConstants=
PA7.PinState=GPIO_PIN_RESET
Mcu.ThirdPartyNb=0
RCC.HCLKFreq_Value=128000000
Mcu.IPNb=5
ProjectManager.PreviousToolchain=
RCC.APB2TimFreq_Value=128000000
TIM3.Period=12
PB6.Signal=GPIO_Output
PB5.PinState=GPIO_PIN_RESET
Mcu.Pin6=PA3
Mcu.Pin7=PA4
Mcu.Pin8=PA5
Mcu.Pin9=PA6
RCC.AHBFreq_Value=128000000
Mcu.Pin0=PC13-TAMPER-RTC
Mcu.Pin1=PD0-OSC_IN
Mcu.Pin2=PD1-OSC_OUT
Mcu.Pin3=PA0-WKUP
Mcu.Pin4=PA1
PA0-WKUP.GPIOParameters=GPIO_Speed,PinState,GPIO_Label,GPIO_ModeDefaultOutputPP
Mcu.Pin5=PA2
ProjectManager.ProjectBuild=false
NVIC.UsageFault_IRQn=true\:0\:0\:false\:false\:true\:true\:false
PA0-WKUP.GPIO_Speed=GPIO_SPEED_FREQ_HIGH
NVIC.DebugMonitor_IRQn=true\:0\:0\:false\:false\:true\:true\:false
PA4.Locked=true
NVIC.SysTick_IRQn=true\:0\:0\:false\:false\:true\:true\:true
RCC.PLLMUL=RCC_PLL_MUL16
PA4.GPIO_Speed=GPIO_SPEED_FREQ_HIGH
ProjectManager.FirmwarePackage=STM32Cube FW_F1 V1.8.3
VP_ADC1_Vref_Input.Mode=IN-Vrefint
MxDb.Version=DB.6.0.10
ADC1.Channel-6\#ChannelRegularConversion=ADC_CHANNEL_VREFINT
PA2.PinState=GPIO_PIN_RESET
PA1.GPIOParameters=GPIO_Speed,PinState,GPIO_Label,GPIO_ModeDefaultOutputPP
ProjectManager.BackupPrevious=false
PC13-TAMPER-RTC.PinState=GPIO_PIN_RESET
PA14.Mode=Serial_Wire
TIM3.Prescaler=120
File.Version=6
PB8.PinState=GPIO_PIN_RESET
PB7.Signal=GPIO_Output
PB8.Locked=true
PB6.Locked=true
NVIC.PendSV_IRQn=true\:0\:0\:false\:false\:true\:true\:false
PC13-TAMPER-RTC.GPIO_Speed=GPIO_SPEED_FREQ_HIGH
PB6.GPIOParameters=GPIO_Speed,PinState,GPIO_Label,GPIO_ModeDefaultOutputPP
ProjectManager.HalAssertFull=false
ProjectManager.ProjectName=stm32f1LL-ili9325-8bits
PB7.PinState=GPIO_PIN_RESET
RCC.PLLMCOFreq_Value=64000000
PB7.GPIO_Label=DSP_RS
Mcu.Package=LQFP48
PB9.Signal=GPIO_Output
PA6.Signal=GPIO_Output
PA5.Locked=true
PA7.Locked=true
PA2.GPIO_ModeDefaultOutputPP=GPIO_MODE_OUTPUT_PP
ProjectManager.ToolChainLocation=
PA2.GPIO_Label=DSP_data
PB6.GPIO_ModeDefaultOutputPP=GPIO_MODE_OUTPUT_PP
VP_SYS_VS_Systick.Signal=SYS_VS_Systick
PA5.GPIOParameters=GPIO_Speed,PinState,GPIO_Label,GPIO_ModeDefaultOutputPP
PA1.PinState=GPIO_PIN_RESET
PB8.GPIO_ModeDefaultOutputPP=GPIO_MODE_OUTPUT_PP
PA4.GPIO_ModeDefaultOutputPP=GPIO_MODE_OUTPUT_PP
PA6.GPIO_ModeDefaultOutputPP=GPIO_MODE_OUTPUT_PP
PB5.GPIO_Speed=GPIO_SPEED_FREQ_HIGH
RCC.APB2CLKDivider=RCC_HCLK_DIV2
PB9.GPIO_Speed=GPIO_SPEED_FREQ_HIGH
PB5.GPIO_Label=DSP_RD
RCC.APB1TimFreq_Value=64000000
NVIC.BusFault_IRQn=true\:0\:0\:false\:false\:true\:true\:false
PA6.GPIO_Speed=GPIO_SPEED_FREQ_HIGH
ADC1.Rank-6\#ChannelRegularConversion=1
PA4.GPIO_Label=DSP_data
ProjectManager.CustomerFirmwarePackage=
VP_TIM3_VS_ClockSourceINT.Mode=Internal
PA3.Signal=GPIO_Output
PB7.GPIO_Speed=GPIO_SPEED_FREQ_HIGH
PA2.Locked=true
PA6.GPIOParameters=GPIO_Speed,PinState,GPIO_Label,GPIO_ModeDefaultOutputPP
RCC.PLLSourceVirtual=RCC_PLLSOURCE_HSE
PB5.GPIO_ModeDefaultOutputPP=GPIO_MODE_OUTPUT_PP
PA0-WKUP.GPIO_ModeDefaultOutputPP=GPIO_MODE_OUTPUT_PP
ProjectManager.ProjectFileName=stm32f1LL-ili9325-8bits.ioc
PA3.GPIO_ModeDefaultOutputPP=GPIO_MODE_OUTPUT_PP
PB8.GPIOParameters=GPIO_Speed,PinState,GPIO_Label,GPIO_ModeDefaultOutputPP
PD1-OSC_OUT.Mode=HSE-External-Oscillator
PB9.GPIO_Label=DSP_RST
Mcu.PinsNb=21
ProjectManager.NoMain=false
ADC1.IPParameters=Rank-6\#ChannelRegularConversion,Channel-6\#ChannelRegularConversion,SamplingTime-6\#ChannelRegularConversion,NbrOfConversionFlag,master
PC13-TAMPER-RTC.Signal=GPIO_Output
ProjectManager.DefaultFWLocation=true
PA6.PinState=GPIO_PIN_RESET
PD0-OSC_IN.Signal=RCC_OSC_IN
ProjectManager.DeletePrevious=true
RCC.APB1CLKDivider=RCC_HCLK_DIV4
RCC.FamilyName=M
PA0-WKUP.GPIO_Label=DSP_data
PA0-WKUP.Signal=GPIO_Output
PA0-WKUP.Locked=true
PB9.GPIOParameters=GPIO_Speed,PinState,GPIO_Label,GPIO_ModeDefaultOutputPP
RCC.ADCPresc=RCC_ADCPCLK2_DIV4
PA13.Signal=SYS_JTMS-SWDIO
PB8.GPIO_Label=DSP_CS
PA4.PinState=GPIO_PIN_RESET
ProjectManager.TargetToolchain=Makefile
PB7.GPIOParameters=GPIO_Speed,PinState,GPIO_Label,GPIO_ModeDefaultOutputPP
PB5.Locked=true
PB9.Locked=true
ProjectManager.RegisterCallBack=
PC13-TAMPER-RTC.Locked=true
RCC.USBFreq_Value=128000000
VP_TIM3_VS_ClockSourceINT.Signal=TIM3_VS_ClockSourceINT
PA1.Signal=GPIO_Output
PD0-OSC_IN.Mode=HSE-External-Oscillator
PA5.Signal=GPIO_Output
board=ILI9325
ProjectManager.LastFirmware=true
PC13-TAMPER-RTC.GPIO_Label=DSP_LED
PA0-WKUP.PinState=GPIO_PIN_RESET
PA7.GPIO_Speed=GPIO_SPEED_FREQ_HIGH
NVIC.TIM3_IRQn=true\:0\:0\:false\:false\:true\:true\:true
RCC.VCOOutput2Freq_Value=8000000
RCC.APB2Freq_Value=64000000
MxCube.Version=6.1.0
PA5.GPIO_ModeDefaultOutputPP=GPIO_MODE_OUTPUT_PP
PB7.GPIO_ModeDefaultOutputPP=GPIO_MODE_OUTPUT_PP
PA1.GPIO_Speed=GPIO_SPEED_FREQ_HIGH
PA1.GPIO_Label=DSP_data
VP_SYS_VS_Systick.Mode=SysTick
VP_ADC1_Vref_Input.Signal=ADC1_Vref_Input
TIM3.IPParameters=Prescaler,Period,TIM_MasterOutputTrigger
NVIC.NonMaskableInt_IRQn=true\:0\:0\:false\:false\:true\:true\:false
PA4.GPIOParameters=GPIO_Speed,PinState,GPIO_Label,GPIO_ModeDefaultOutputPP
PA13.Mode=Serial_Wire
ProjectManager.FreePins=false
RCC.IPParameters=ADCFreqValue,ADCPresc,AHBFreq_Value,APB1CLKDivider,APB1Freq_Value,APB1TimFreq_Value,APB2CLKDivider,APB2Freq_Value,APB2TimFreq_Value,FCLKCortexFreq_Value,FamilyName,HCLKFreq_Value,MCOFreq_Value,PLLCLKFreq_Value,PLLMCOFreq_Value,PLLMUL,PLLSourceVirtual,SYSCLKFreq_VALUE,SYSCLKSource,TimSysFreq_Value,USBFreq_Value,VCOOutput2Freq_Value
ProjectManager.AskForMigrate=true
Mcu.Name=STM32F103C(8-B)Tx
PA2.Signal=GPIO_Output
ProjectManager.UnderRoot=false
ProjectManager.CoupleFile=true
PA4.Signal=GPIO_Output
RCC.SYSCLKFreq_VALUE=128000000
PB5.Signal=GPIO_Output
PC13-TAMPER-RTC.GPIO_ModeDefaultOutputPP=GPIO_MODE_OUTPUT_PP
RCC.TimSysFreq_Value=128000000
PA1.Locked=true
PA7.GPIO_Label=DSP_data
Mcu.Pin20=VP_TIM3_VS_ClockSourceINT
ADC1.master=1
PA3.Locked=true
PA5.GPIO_Label=DSP_data
NVIC.ForceEnableDMAVector=true
KeepUserPlacement=false
NVIC.MemoryManagement_IRQn=true\:0\:0\:false\:false\:true\:true\:false
ProjectManager.CompilerOptimize=2
PB6.PinState=GPIO_PIN_RESET
PB9.PinState=GPIO_PIN_RESET
PA14.Signal=SYS_JTCK-SWCLK
ProjectManager.HeapSize=0x200
Mcu.Pin15=PB7
NVIC.HardFault_IRQn=true\:0\:0\:false\:false\:true\:true\:false
Mcu.Pin16=PB8
Mcu.Pin13=PB5
Mcu.Pin14=PB6
Mcu.Pin19=VP_SYS_VS_Systick
ProjectManager.ComputerToolchain=false
Mcu.Pin17=PB9
Mcu.Pin18=VP_ADC1_Vref_Input
PA5.GPIO_Speed=GPIO_SPEED_FREQ_HIGH
NVIC.PriorityGroup=NVIC_PRIORITYGROUP_4
ADC1.NbrOfConversionFlag=1
Mcu.Pin11=PA13
Mcu.Pin12=PA14
Mcu.Pin10=PA7
PB7.Locked=true
PB8.Signal=GPIO_Output
PA3.PinState=GPIO_PIN_RESET
TIM3.TIM_MasterOutputTrigger=TIM_TRGO_UPDATE
PB6.GPIO_Speed=GPIO_SPEED_FREQ_HIGH
RCC.APB1Freq_Value=32000000
PB8.GPIO_Speed=GPIO_SPEED_FREQ_HIGH
PA7.GPIOParameters=GPIO_Speed,PinState,GPIO_Label,GPIO_ModeDefaultOutputPP
ProjectManager.DeviceId=STM32F103C8Tx
ProjectManager.LibraryCopy=1
PA3.GPIO_Label=DSP_data
PA7.Signal=GPIO_Output
PA1.GPIO_ModeDefaultOutputPP=GPIO_MODE_OUTPUT_PP
PA6.Locked=true
