#MicroXplorer Configuration settings - do not modify
Mcu.Family=STM32F1
PA6.GPIOParameters=GPIO_Label
RCC.PLLSourceVirtual=RCC_PLLSOURCE_HSE
ProjectManager.MainLocation=Core/Src
RCC.MCOFreq_Value=128000000
ProjectManager.ProjectFileName=ugui.ioc
PB8.GPIOParameters=PinState,GPIO_Label
PD1-OSC_OUT.Mode=HSE-External-Oscillator
PB9.GPIO_Label=LCD_RST
ADC1.Channel-4\#ChannelRegularConversion=ADC_CHANNEL_VREFINT
ProjectManager.KeepUserCode=true
Mcu.UserName=STM32F103C8Tx
Mcu.PinsNb=19
ProjectManager.NoMain=false
ADC1.IPParameters=Rank-4\#ChannelRegularConversion,master,Channel-4\#ChannelRegularConversion,SamplingTime-4\#ChannelRegularConversion,NbrOfConversionFlag
RCC.PLLCLKFreq_Value=128000000
ProjectManager.functionlistsort=1-MX_GPIO_Init-GPIO-false-LL-true,2-SystemClock_Config-RCC-false-LL-false,3-MX_ADC1_Init-ADC1-false-LL-true
RCC.RTCFreq_Value=40000
PA3.GPIOParameters=GPIO_Label
RCC.ADCFreqValue=10666666.666666666
ProjectManager.DefaultFWLocation=true
PA6.GPIO_Label=LCD_D6
PB6.GPIO_Label=LCD_WR
PD0-OSC_IN.Signal=RCC_OSC_IN
ProjectManager.DeletePrevious=true
RCC.APB1CLKDivider=RCC_HCLK_DIV4
PA2.GPIOParameters=GPIO_Label
PinOutPanel.RotationAngle=0
RCC.FamilyName=M
RCC.SYSCLKSource=RCC_SYSCLKSOURCE_PLLCLK
ProjectManager.StackSize=0x400
PA0-WKUP.GPIO_Label=LCD_D0
PB5.GPIOParameters=PinState,GPIO_Label
PA0-WKUP.Signal=GPIO_Output
PA0-WKUP.Locked=true
PD1-OSC_OUT.Signal=RCC_OSC_OUT
PB9.GPIOParameters=GPIO_Label
RCC.ADCPresc=RCC_ADCPCLK2_DIV6
PA13.Signal=SYS_JTMS-SWDIO
RCC.FCLKCortexFreq_Value=128000000
NVIC.SVCall_IRQn=true\:0\:0\:false\:false\:true\:true\:false
Mcu.IP2=RCC
PB8.GPIO_Label=LCD_CS
Mcu.IP3=SYS
Mcu.IP0=ADC1
Mcu.IP1=NVIC
Mcu.UserConstants=
ProjectManager.TargetToolchain=Makefile
Mcu.ThirdPartyNb=0
PB7.GPIOParameters=GPIO_Label
RCC.HCLKFreq_Value=128000000
Mcu.IPNb=4
ProjectManager.PreviousToolchain=SW4STM32
RCC.APB2TimFreq_Value=128000000
PB6.Signal=GPIO_Output
PB5.PinState=GPIO_PIN_SET
PB5.Locked=true
PB9.Locked=true
Mcu.Pin6=PA4
Mcu.Pin7=PA5
ProjectManager.RegisterCallBack=
Mcu.Pin8=PA6
RCC.USBFreq_Value=128000000
Mcu.Pin9=PA7
PA1.Signal=GPIO_Output
RCC.AHBFreq_Value=128000000
Mcu.Pin0=PD0-OSC_IN
Mcu.Pin1=PD1-OSC_OUT
Mcu.Pin2=PA0-WKUP
PD0-OSC_IN.Mode=HSE-External-Oscillator
Mcu.Pin3=PA1
PA0-WKUP.GPIOParameters=GPIO_Label
Mcu.Pin4=PA2
Mcu.Pin5=PA3
PA5.Signal=GPIO_Output
ProjectManager.ProjectBuild=false
NVIC.UsageFault_IRQn=true\:0\:0\:false\:false\:false\:true\:false
NVIC.DebugMonitor_IRQn=true\:0\:0\:false\:false\:false\:true\:false
board=custom
PA4.Locked=true
NVIC.SysTick_IRQn=true\:0\:0\:false\:false\:true\:true\:true
ProjectManager.LastFirmware=true
RCC.PLLMUL=RCC_PLL_MUL16
RCC.VCOOutput2Freq_Value=8000000
ProjectManager.FirmwarePackage=STM32Cube FW_F1 V1.8.3
VP_ADC1_Vref_Input.Mode=IN-Vrefint
ADC1.SamplingTime-4\#ChannelRegularConversion=ADC_SAMPLETIME_1CYCLE_5
MxDb.Version=DB.6.0.10
RCC.APB2Freq_Value=64000000
PA1.GPIOParameters=GPIO_Label
ProjectManager.BackupPrevious=false
MxCube.Version=6.1.0
PA14.Mode=Serial_Wire
File.Version=6
PA1.GPIO_Label=LCD_D1
VP_SYS_VS_Systick.Mode=SysTick
PB8.PinState=GPIO_PIN_SET
VP_ADC1_Vref_Input.Signal=ADC1_Vref_Input
PB7.Signal=GPIO_Output
PB8.Locked=true
NVIC.NonMaskableInt_IRQn=true\:0\:0\:false\:false\:false\:true\:false
PA4.GPIOParameters=GPIO_Label
PB6.Locked=true
NVIC.PendSV_IRQn=true\:0\:0\:false\:false\:true\:true\:false
PA13.Mode=Serial_Wire
ProjectManager.FreePins=false
RCC.IPParameters=ADCFreqValue,ADCPresc,AHBFreq_Value,APB1CLKDivider,APB1Freq_Value,APB1TimFreq_Value,APB2CLKDivider,APB2Freq_Value,APB2TimFreq_Value,FCLKCortexFreq_Value,FamilyName,HCLKFreq_Value,MCOFreq_Value,PLLCLKFreq_Value,PLLMCOFreq_Value,PLLMUL,PLLSourceVirtual,RTCFreq_Value,SYSCLKFreq_VALUE,SYSCLKSource,TimSysFreq_Value,USBFreq_Value,VCOOutput2Freq_Value
ProjectManager.AskForMigrate=false
Mcu.Name=STM32F103C(8-B)Tx
PB6.GPIOParameters=GPIO_Label
ProjectManager.HalAssertFull=false
PA2.Signal=GPIO_Output
ProjectManager.ProjectName=ugui
ProjectManager.UnderRoot=false
RCC.PLLMCOFreq_Value=64000000
ProjectManager.CoupleFile=true
PB7.GPIO_Label=LCD_DC
PA4.Signal=GPIO_Output
RCC.SYSCLKFreq_VALUE=128000000
Mcu.Package=LQFP48
PB5.Signal=GPIO_Output
PB9.Signal=GPIO_Output
PA6.Signal=GPIO_Output
RCC.TimSysFreq_Value=128000000
PA1.Locked=true
PA7.GPIO_Label=LCD_D7
ADC1.master=1
PA7.Locked=true
PA3.Locked=true
PA5.Locked=true
PA5.GPIO_Label=LCD_D5
NVIC.ForceEnableDMAVector=true
KeepUserPlacement=true
NVIC.MemoryManagement_IRQn=true\:0\:0\:false\:false\:false\:true\:false
ProjectManager.CompilerOptimize=2
ProjectManager.ToolChainLocation=
PA2.GPIO_Label=LCD_D2
VP_SYS_VS_Systick.Signal=SYS_VS_Systick
PA14.Signal=SYS_JTCK-SWCLK
ProjectManager.HeapSize=0x200
Mcu.Pin15=PB8
NVIC.HardFault_IRQn=true\:0\:0\:false\:false\:false\:true\:false
Mcu.Pin16=PB9
PA5.GPIOParameters=GPIO_Label
Mcu.Pin13=PB6
Mcu.Pin14=PB7
ProjectManager.ComputerToolchain=false
Mcu.Pin17=VP_ADC1_Vref_Input
Mcu.Pin18=VP_SYS_VS_Systick
NVIC.PriorityGroup=NVIC_PRIORITYGROUP_4
ADC1.NbrOfConversionFlag=1
RCC.APB2CLKDivider=RCC_HCLK_DIV2
Mcu.Pin11=PA14
Mcu.Pin12=PB5
PB5.GPIO_Label=LCD_RD
Mcu.Pin10=PA13
PB7.Locked=true
RCC.APB1TimFreq_Value=64000000
PB8.Signal=GPIO_Output
NVIC.BusFault_IRQn=true\:0\:0\:false\:false\:false\:true\:false
RCC.APB1Freq_Value=32000000
PA4.GPIO_Label=LCD_D4
PA7.GPIOParameters=GPIO_Label
ProjectManager.CustomerFirmwarePackage=
ProjectManager.DeviceId=STM32F103C8Tx
ProjectManager.LibraryCopy=1
ADC1.Rank-4\#ChannelRegularConversion=1
PA3.GPIO_Label=LCD_D3
PA3.Signal=GPIO_Output
PA7.Signal=GPIO_Output
PA2.Locked=true
PA6.Locked=true
